// !$*UTF8*$!
{
	archiveVersion = 1;
	classes = {
	};
	objectVersion = 51;
	objects = {

/* Begin PBXBuildFile section */
		4B02C4B8243D61630087DB4C /* TaskModel.swift in Sources */ = {isa = PBXBuildFile; fileRef = 4B02C4B7243D61630087DB4C /* TaskModel.swift */; };
		4B02C4BA243D64A70087DB4C /* addTaskViewController.swift in Sources */ = {isa = PBXBuildFile; fileRef = 4B02C4B9243D64A70087DB4C /* addTaskViewController.swift */; };
		4B02C4BC243D6B440087DB4C /* addTaskCell.swift in Sources */ = {isa = PBXBuildFile; fileRef = 4B02C4BB243D6B440087DB4C /* addTaskCell.swift */; };
		4B02C4BF2442C8390087DB4C /* taskTableViewCell.swift in Sources */ = {isa = PBXBuildFile; fileRef = 4B02C4BD2442C8390087DB4C /* taskTableViewCell.swift */; };
		4B052675242C9CE50048DB8D /* addCell.swift in Sources */ = {isa = PBXBuildFile; fileRef = 4B052674242C9CE50048DB8D /* addCell.swift */; };
		4B052677242C9CF40048DB8D /* addViewController.swift in Sources */ = {isa = PBXBuildFile; fileRef = 4B052676242C9CF40048DB8D /* addViewController.swift */; };
		4B116D7E2477715A00CD25BD /* middleViewController.swift in Sources */ = {isa = PBXBuildFile; fileRef = 4B116D7D2477715A00CD25BD /* middleViewController.swift */; };
		4B127D0A24D1A5DA00B87B99 /* YearPickerView.swift in Sources */ = {isa = PBXBuildFile; fileRef = 4B127D0924D1A5DA00B87B99 /* YearPickerView.swift */; };
		4B127D0C24D1AC3A00B87B99 /* PickerViewYearViewController.swift in Sources */ = {isa = PBXBuildFile; fileRef = 4B127D0B24D1AC3A00B87B99 /* PickerViewYearViewController.swift */; };
		4B127D0E24D2895A00B87B99 /* PickerViewWeekViewController.swift in Sources */ = {isa = PBXBuildFile; fileRef = 4B127D0D24D2895A00B87B99 /* PickerViewWeekViewController.swift */; };
		4B127D1024D289C300B87B99 /* WeekPickerView.swift in Sources */ = {isa = PBXBuildFile; fileRef = 4B127D0F24D289C300B87B99 /* WeekPickerView.swift */; };
		4B1C31072415696600875B74 /* DateHeader.swift in Sources */ = {isa = PBXBuildFile; fileRef = 4B1C31062415696600875B74 /* DateHeader.swift */; };
		4B2B337C247620A900B014E2 /* editAutoRecordViewController.swift in Sources */ = {isa = PBXBuildFile; fileRef = 4B2B337B247620A900B014E2 /* editAutoRecordViewController.swift */; };
		4B351A4724188BE9003A474A /* FMDatabase.m in Sources */ = {isa = PBXBuildFile; fileRef = 4B351A3C24188BE9003A474A /* FMDatabase.m */; };
		4B351A4824188BE9003A474A /* FMDatabaseAdditions.m in Sources */ = {isa = PBXBuildFile; fileRef = 4B351A3E24188BE9003A474A /* FMDatabaseAdditions.m */; };
		4B351A4924188BE9003A474A /* FMDatabaseQueue.m in Sources */ = {isa = PBXBuildFile; fileRef = 4B351A3F24188BE9003A474A /* FMDatabaseQueue.m */; };
		4B351A4A24188BE9003A474A /* FMDatabasePool.m in Sources */ = {isa = PBXBuildFile; fileRef = 4B351A4024188BE9003A474A /* FMDatabasePool.m */; };
		4B351A4B24188BE9003A474A /* FMResultSet.m in Sources */ = {isa = PBXBuildFile; fileRef = 4B351A4624188BE9003A474A /* FMResultSet.m */; };
		4B35331D24A9D9EE00408562 /* settingsViewController.swift in Sources */ = {isa = PBXBuildFile; fileRef = 4B35331C24A9D9EE00408562 /* settingsViewController.swift */; };
		4B362F8524CADC2400E635C6 /* PickerViewController.swift in Sources */ = {isa = PBXBuildFile; fileRef = 4B362F8424CADC2400E635C6 /* PickerViewController.swift */; };
		4B37752B242D04C70013E9C8 /* DatePopupViewController.swift in Sources */ = {isa = PBXBuildFile; fileRef = 4B37752A242D04C70013E9C8 /* DatePopupViewController.swift */; };
		4B490B8F24B589A500A8249A /* combineChartViewController.swift in Sources */ = {isa = PBXBuildFile; fileRef = 4B490B8E24B589A500A8249A /* combineChartViewController.swift */; };
		4B4AB6232463197A00FC8A6D /* showMyPlaceController.swift in Sources */ = {isa = PBXBuildFile; fileRef = 4B4AB6222463197900FC8A6D /* showMyPlaceController.swift */; };
		4B4F0149243CC78D00A98C65 /* eventTableViewCell.swift in Sources */ = {isa = PBXBuildFile; fileRef = 4B4F0148243CC78D00A98C65 /* eventTableViewCell.swift */; };
		4B4F0152243CCBD100A98C65 /* (old)autoRecordViewController.swift in Sources */ = {isa = PBXBuildFile; fileRef = 4B4F0151243CCBD100A98C65 /* (old)autoRecordViewController.swift */; };
		4B4F0154243F12FD00A98C65 /* categoryViewController.swift in Sources */ = {isa = PBXBuildFile; fileRef = 4B4F0153243F12FD00A98C65 /* categoryViewController.swift */; };
		4B4F0156243F1A1000A98C65 /* categoryViewCell.swift in Sources */ = {isa = PBXBuildFile; fileRef = 4B4F0155243F1A1000A98C65 /* categoryViewCell.swift */; };
		4B52F06E24E3D24F00EC4D90 /* myPlaceCategoryViewController.swift in Sources */ = {isa = PBXBuildFile; fileRef = 4B52F06D24E3D24F00EC4D90 /* myPlaceCategoryViewController.swift */; };
		4B5F4B8C24169D990043CA8C /* (old)addEventViewController.swift in Sources */ = {isa = PBXBuildFile; fileRef = 4B5F4B8B24169D990043CA8C /* (old)addEventViewController.swift */; };
		4B6C44192472EAB10009C281 /* TrackModel.swift in Sources */ = {isa = PBXBuildFile; fileRef = 4B6C44182472EAB10009C281 /* TrackModel.swift */; };
		4B6C441B2472F9CB0009C281 /* trackCell.swift in Sources */ = {isa = PBXBuildFile; fileRef = 4B6C441A2472F9CB0009C281 /* trackCell.swift */; };
		4B79F7DD24E285070078C853 /* segue.swift in Sources */ = {isa = PBXBuildFile; fileRef = 4B79F7DC24E285070078C853 /* segue.swift */; };
		4B79F7DF24E28BB90078C853 /* segueBack.swift in Sources */ = {isa = PBXBuildFile; fileRef = 4B79F7DE24E28BB90078C853 /* segueBack.swift */; };
		4B855CF2242AF188001B80C7 /* reminderTableViewController.swift in Sources */ = {isa = PBXBuildFile; fileRef = 4B855CF1242AF188001B80C7 /* reminderTableViewController.swift */; };
		4B855CF4242AF2E6001B80C7 /* reminderTableViewCell.swift in Sources */ = {isa = PBXBuildFile; fileRef = 4B855CF3242AF2E6001B80C7 /* reminderTableViewCell.swift */; };
		4B855CF6242B07FA001B80C7 /* CategoryModel.swift in Sources */ = {isa = PBXBuildFile; fileRef = 4B855CF5242B07FA001B80C7 /* CategoryModel.swift */; };
		4B855CF8242B0840001B80C7 /* (old)categoryTableViewController.swift in Sources */ = {isa = PBXBuildFile; fileRef = 4B855CF7242B0840001B80C7 /* (old)categoryTableViewController.swift */; };
		4B855CFA242B0C88001B80C7 /* (old)categoryTableViewCell.swift in Sources */ = {isa = PBXBuildFile; fileRef = 4B855CF9242B0C88001B80C7 /* (old)categoryTableViewCell.swift */; };
		4B855D0C2438477C001B80C7 /* tabBarController.swift in Sources */ = {isa = PBXBuildFile; fileRef = 4B855D0B2438477C001B80C7 /* tabBarController.swift */; };
		4B855D10243847E3001B80C7 /* taskViewController.swift in Sources */ = {isa = PBXBuildFile; fileRef = 4B855D0F243847E3001B80C7 /* taskViewController.swift */; };
		4B95704E2457FFB10067C4FB /* analysisViewController.swift in Sources */ = {isa = PBXBuildFile; fileRef = 4B95704D2457FFB10067C4FB /* analysisViewController.swift */; };
		4B97DF9224176AB8005BD787 /* DBManager.swift in Sources */ = {isa = PBXBuildFile; fileRef = 4B97DF9124176AB8005BD787 /* DBManager.swift */; };
		4B9E6C0324CAD4B9002A1B80 /* MonthYearPickerView.swift in Sources */ = {isa = PBXBuildFile; fileRef = 4B9E6C0224CAD4B9002A1B80 /* MonthYearPickerView.swift */; };
		4B9EBD542417799400162A77 /* EventModel.swift in Sources */ = {isa = PBXBuildFile; fileRef = 4B9EBD532417799400162A77 /* EventModel.swift */; };
		4B9EBD562417A7CE00162A77 /* Util.swift in Sources */ = {isa = PBXBuildFile; fileRef = 4B9EBD552417A7CE00162A77 /* Util.swift */; };
		4B9EBD582417AEC900162A77 /* project.db in Resources */ = {isa = PBXBuildFile; fileRef = 4B9EBD572417AEC900162A77 /* project.db */; };
		4B9FB4FA24E296E300DBFAFA /* editMyPlaceViewController.swift in Sources */ = {isa = PBXBuildFile; fileRef = 4B9FB4F924E296E300DBFAFA /* editMyPlaceViewController.swift */; };
		4B9FB4FC24E2CEF800DBFAFA /* editMyPlaceTableViewCell.swift in Sources */ = {isa = PBXBuildFile; fileRef = 4B9FB4FB24E2CEF800DBFAFA /* editMyPlaceTableViewCell.swift */; };
		4B9FB4FE24E2FB5D00DBFAFA /* myPlaceViewController.swift in Sources */ = {isa = PBXBuildFile; fileRef = 4B9FB4FD24E2FB5D00DBFAFA /* myPlaceViewController.swift */; };
		4B9FBA2E24A3BDE30024D7CD /* tete.swift in Sources */ = {isa = PBXBuildFile; fileRef = 4B9FBA2D24A3BDE30024D7CD /* tete.swift */; };
		4B9FBA3024ACE18B0024D7CD /* timeline.swift in Sources */ = {isa = PBXBuildFile; fileRef = 4B9FBA2F24ACE18B0024D7CD /* timeline.swift */; };
		4B9FBA3224B30E6A0024D7CD /* NetworkController.swift in Sources */ = {isa = PBXBuildFile; fileRef = 4B9FBA3124B30E690024D7CD /* NetworkController.swift */; };
		4BA5027E246B7F8600F70144 /* doneTaskViewController.swift in Sources */ = {isa = PBXBuildFile; fileRef = 4BA5027D246B7F8600F70144 /* doneTaskViewController.swift */; };
		4BA50280246B88D800F70144 /* doneTaskTableViewCell.swift in Sources */ = {isa = PBXBuildFile; fileRef = 4BA5027F246B88D800F70144 /* doneTaskTableViewCell.swift */; };
		4BAB720824A9E703007D52A7 /* settingsTableViewCell.swift in Sources */ = {isa = PBXBuildFile; fileRef = 4BAB720724A9E703007D52A7 /* settingsTableViewCell.swift */; };
		4BCBE2F324E538BB002E9EEE /* myPlaceTableViewCell.swift in Sources */ = {isa = PBXBuildFile; fileRef = 4BCBE2F224E538BA002E9EEE /* myPlaceTableViewCell.swift */; };
		4BF6625524613D8F0021D85E /* tabBar.swift in Sources */ = {isa = PBXBuildFile; fileRef = 4BF6625424613D8F0021D85E /* tabBar.swift */; };
		582341F0242BB0DA00FFC83B /* SceneDelegate.swift in Sources */ = {isa = PBXBuildFile; fileRef = 582341EF242BB0DA00FFC83B /* SceneDelegate.swift */; };
		583F59C2243E197F0018B383 /* PlaceModel.swift in Sources */ = {isa = PBXBuildFile; fileRef = 583F59C1243E197F0018B383 /* PlaceModel.swift */; };
		586B87DA24619A7100E7E273 /* mapViewController.swift in Sources */ = {isa = PBXBuildFile; fileRef = 586B87D924619A7100E7E273 /* mapViewController.swift */; };
		589385C424BEA47A002937FE /* DailyRoutineViewController.swift in Sources */ = {isa = PBXBuildFile; fileRef = 589385C324BEA47A002937FE /* DailyRoutineViewController.swift */; };
		58D91DC924325783002DD7B2 /* LocationModel.swift in Sources */ = {isa = PBXBuildFile; fileRef = 58D91DC824325783002DD7B2 /* LocationModel.swift */; };
		6B6BB1B0225FAD04006F384C /* AppDelegate.swift in Sources */ = {isa = PBXBuildFile; fileRef = 6B6BB1AF225FAD04006F384C /* AppDelegate.swift */; };
		6B6BB1B2225FAD04006F384C /* ViewController.swift in Sources */ = {isa = PBXBuildFile; fileRef = 6B6BB1B1225FAD04006F384C /* ViewController.swift */; };
		6B6BB1B5225FAD04006F384C /* Main.storyboard in Resources */ = {isa = PBXBuildFile; fileRef = 6B6BB1B3225FAD04006F384C /* Main.storyboard */; };
		6B6BB1B7225FAD05006F384C /* Assets.xcassets in Resources */ = {isa = PBXBuildFile; fileRef = 6B6BB1B6225FAD05006F384C /* Assets.xcassets */; };
		6B6BB1BA225FAD05006F384C /* LaunchScreen.storyboard in Resources */ = {isa = PBXBuildFile; fileRef = 6B6BB1B8225FAD05006F384C /* LaunchScreen.storyboard */; };
		6B6BB1C2225FE06B006F384C /* DateCell.swift in Sources */ = {isa = PBXBuildFile; fileRef = 6B6BB1C1225FE06B006F384C /* DateCell.swift */; };
		D5EEE79015C028AE1B926ED3 /* Pods_test.framework in Frameworks */ = {isa = PBXBuildFile; fileRef = EC18B35A3F1F00B163F8C77B /* Pods_test.framework */; };
		D7EEB6892459874E00D72B63 /* searchLocationViewController.swift in Sources */ = {isa = PBXBuildFile; fileRef = D7EEB6882459874E00D72B63 /* searchLocationViewController.swift */; };
		FF76548E24AE0B4D00663E58 /* LoginViewController.swift in Sources */ = {isa = PBXBuildFile; fileRef = FF76548D24AE0B4D00663E58 /* LoginViewController.swift */; };
		FF76549124AE0E1E00663E58 /* SignupViewController.swift in Sources */ = {isa = PBXBuildFile; fileRef = FF76549024AE0E1E00663E58 /* SignupViewController.swift */; };
/* End PBXBuildFile section */

/* Begin PBXFileReference section */
		39A1E3837C06747579167C49 /* Pods-test.debug.xcconfig */ = {isa = PBXFileReference; includeInIndex = 1; lastKnownFileType = text.xcconfig; name = "Pods-test.debug.xcconfig"; path = "Target Support Files/Pods-test/Pods-test.debug.xcconfig"; sourceTree = "<group>"; };
		4B02C4B7243D61630087DB4C /* TaskModel.swift */ = {isa = PBXFileReference; lastKnownFileType = sourcecode.swift; path = TaskModel.swift; sourceTree = "<group>"; };
		4B02C4B9243D64A70087DB4C /* addTaskViewController.swift */ = {isa = PBXFileReference; lastKnownFileType = sourcecode.swift; path = addTaskViewController.swift; sourceTree = "<group>"; };
		4B02C4BB243D6B440087DB4C /* addTaskCell.swift */ = {isa = PBXFileReference; lastKnownFileType = sourcecode.swift; path = addTaskCell.swift; sourceTree = "<group>"; };
		4B02C4BD2442C8390087DB4C /* taskTableViewCell.swift */ = {isa = PBXFileReference; lastKnownFileType = sourcecode.swift; path = taskTableViewCell.swift; sourceTree = "<group>"; };
		4B052674242C9CE50048DB8D /* addCell.swift */ = {isa = PBXFileReference; fileEncoding = 4; lastKnownFileType = sourcecode.swift; path = addCell.swift; sourceTree = "<group>"; };
		4B052676242C9CF40048DB8D /* addViewController.swift */ = {isa = PBXFileReference; fileEncoding = 4; lastKnownFileType = sourcecode.swift; path = addViewController.swift; sourceTree = "<group>"; };
		4B116D7D2477715A00CD25BD /* middleViewController.swift */ = {isa = PBXFileReference; lastKnownFileType = sourcecode.swift; path = middleViewController.swift; sourceTree = "<group>"; };
		4B127D0924D1A5DA00B87B99 /* YearPickerView.swift */ = {isa = PBXFileReference; lastKnownFileType = sourcecode.swift; path = YearPickerView.swift; sourceTree = "<group>"; };
		4B127D0B24D1AC3A00B87B99 /* PickerViewYearViewController.swift */ = {isa = PBXFileReference; lastKnownFileType = sourcecode.swift; path = PickerViewYearViewController.swift; sourceTree = "<group>"; };
		4B127D0D24D2895A00B87B99 /* PickerViewWeekViewController.swift */ = {isa = PBXFileReference; lastKnownFileType = sourcecode.swift; path = PickerViewWeekViewController.swift; sourceTree = "<group>"; };
		4B127D0F24D289C300B87B99 /* WeekPickerView.swift */ = {isa = PBXFileReference; lastKnownFileType = sourcecode.swift; path = WeekPickerView.swift; sourceTree = "<group>"; };
		4B1C31062415696600875B74 /* DateHeader.swift */ = {isa = PBXFileReference; lastKnownFileType = sourcecode.swift; path = DateHeader.swift; sourceTree = "<group>"; };
		4B2B337B247620A900B014E2 /* editAutoRecordViewController.swift */ = {isa = PBXFileReference; lastKnownFileType = sourcecode.swift; path = editAutoRecordViewController.swift; sourceTree = "<group>"; };
		4B351A3C24188BE9003A474A /* FMDatabase.m */ = {isa = PBXFileReference; fileEncoding = 4; lastKnownFileType = sourcecode.c.objc; path = FMDatabase.m; sourceTree = "<group>"; };
		4B351A3D24188BE9003A474A /* FMDatabasePool.h */ = {isa = PBXFileReference; fileEncoding = 4; lastKnownFileType = sourcecode.c.h; path = FMDatabasePool.h; sourceTree = "<group>"; };
		4B351A3E24188BE9003A474A /* FMDatabaseAdditions.m */ = {isa = PBXFileReference; fileEncoding = 4; lastKnownFileType = sourcecode.c.objc; path = FMDatabaseAdditions.m; sourceTree = "<group>"; };
		4B351A3F24188BE9003A474A /* FMDatabaseQueue.m */ = {isa = PBXFileReference; fileEncoding = 4; lastKnownFileType = sourcecode.c.objc; path = FMDatabaseQueue.m; sourceTree = "<group>"; };
		4B351A4024188BE9003A474A /* FMDatabasePool.m */ = {isa = PBXFileReference; fileEncoding = 4; lastKnownFileType = sourcecode.c.objc; path = FMDatabasePool.m; sourceTree = "<group>"; };
		4B351A4124188BE9003A474A /* FMDatabase.h */ = {isa = PBXFileReference; fileEncoding = 4; lastKnownFileType = sourcecode.c.h; path = FMDatabase.h; sourceTree = "<group>"; };
		4B351A4224188BE9003A474A /* FMDB.h */ = {isa = PBXFileReference; fileEncoding = 4; lastKnownFileType = sourcecode.c.h; path = FMDB.h; sourceTree = "<group>"; };
		4B351A4324188BE9003A474A /* FMDatabaseAdditions.h */ = {isa = PBXFileReference; fileEncoding = 4; lastKnownFileType = sourcecode.c.h; path = FMDatabaseAdditions.h; sourceTree = "<group>"; };
		4B351A4424188BE9003A474A /* FMDatabaseQueue.h */ = {isa = PBXFileReference; fileEncoding = 4; lastKnownFileType = sourcecode.c.h; path = FMDatabaseQueue.h; sourceTree = "<group>"; };
		4B351A4524188BE9003A474A /* FMResultSet.h */ = {isa = PBXFileReference; fileEncoding = 4; lastKnownFileType = sourcecode.c.h; path = FMResultSet.h; sourceTree = "<group>"; };
		4B351A4624188BE9003A474A /* FMResultSet.m */ = {isa = PBXFileReference; fileEncoding = 4; lastKnownFileType = sourcecode.c.objc; path = FMResultSet.m; sourceTree = "<group>"; };
		4B35331C24A9D9EE00408562 /* settingsViewController.swift */ = {isa = PBXFileReference; lastKnownFileType = sourcecode.swift; path = settingsViewController.swift; sourceTree = "<group>"; };
		4B362F8424CADC2400E635C6 /* PickerViewController.swift */ = {isa = PBXFileReference; lastKnownFileType = sourcecode.swift; path = PickerViewController.swift; sourceTree = "<group>"; };
		4B37752A242D04C70013E9C8 /* DatePopupViewController.swift */ = {isa = PBXFileReference; lastKnownFileType = sourcecode.swift; path = DatePopupViewController.swift; sourceTree = "<group>"; };
		4B490B8E24B589A500A8249A /* combineChartViewController.swift */ = {isa = PBXFileReference; lastKnownFileType = sourcecode.swift; path = combineChartViewController.swift; sourceTree = "<group>"; };
		4B4AB6222463197900FC8A6D /* showMyPlaceController.swift */ = {isa = PBXFileReference; lastKnownFileType = sourcecode.swift; path = showMyPlaceController.swift; sourceTree = "<group>"; };
		4B4F0148243CC78D00A98C65 /* eventTableViewCell.swift */ = {isa = PBXFileReference; fileEncoding = 4; lastKnownFileType = sourcecode.swift; path = eventTableViewCell.swift; sourceTree = "<group>"; };
		4B4F0151243CCBD100A98C65 /* (old)autoRecordViewController.swift */ = {isa = PBXFileReference; fileEncoding = 4; lastKnownFileType = sourcecode.swift; path = "(old)autoRecordViewController.swift"; sourceTree = "<group>"; };
		4B4F0153243F12FD00A98C65 /* categoryViewController.swift */ = {isa = PBXFileReference; lastKnownFileType = sourcecode.swift; path = categoryViewController.swift; sourceTree = "<group>"; };
		4B4F0155243F1A1000A98C65 /* categoryViewCell.swift */ = {isa = PBXFileReference; lastKnownFileType = sourcecode.swift; path = categoryViewCell.swift; sourceTree = "<group>"; };
		4B52F06D24E3D24F00EC4D90 /* myPlaceCategoryViewController.swift */ = {isa = PBXFileReference; lastKnownFileType = sourcecode.swift; path = myPlaceCategoryViewController.swift; sourceTree = "<group>"; };
		4B5F4B8B24169D990043CA8C /* (old)addEventViewController.swift */ = {isa = PBXFileReference; lastKnownFileType = sourcecode.swift; path = "(old)addEventViewController.swift"; sourceTree = "<group>"; };
		4B6C44182472EAB10009C281 /* TrackModel.swift */ = {isa = PBXFileReference; fileEncoding = 4; lastKnownFileType = sourcecode.swift; path = TrackModel.swift; sourceTree = "<group>"; };
		4B6C441A2472F9CB0009C281 /* trackCell.swift */ = {isa = PBXFileReference; lastKnownFileType = sourcecode.swift; path = trackCell.swift; sourceTree = "<group>"; };
		4B79F7DC24E285070078C853 /* segue.swift */ = {isa = PBXFileReference; lastKnownFileType = sourcecode.swift; path = segue.swift; sourceTree = "<group>"; };
		4B79F7DE24E28BB90078C853 /* segueBack.swift */ = {isa = PBXFileReference; lastKnownFileType = sourcecode.swift; path = segueBack.swift; sourceTree = "<group>"; };
		4B855CF1242AF188001B80C7 /* reminderTableViewController.swift */ = {isa = PBXFileReference; lastKnownFileType = sourcecode.swift; path = reminderTableViewController.swift; sourceTree = "<group>"; };
		4B855CF3242AF2E6001B80C7 /* reminderTableViewCell.swift */ = {isa = PBXFileReference; lastKnownFileType = sourcecode.swift; path = reminderTableViewCell.swift; sourceTree = "<group>"; };
		4B855CF5242B07FA001B80C7 /* CategoryModel.swift */ = {isa = PBXFileReference; lastKnownFileType = sourcecode.swift; path = CategoryModel.swift; sourceTree = "<group>"; };
		4B855CF7242B0840001B80C7 /* (old)categoryTableViewController.swift */ = {isa = PBXFileReference; lastKnownFileType = sourcecode.swift; path = "(old)categoryTableViewController.swift"; sourceTree = "<group>"; };
		4B855CF9242B0C88001B80C7 /* (old)categoryTableViewCell.swift */ = {isa = PBXFileReference; lastKnownFileType = sourcecode.swift; path = "(old)categoryTableViewCell.swift"; sourceTree = "<group>"; };
		4B855D0B2438477C001B80C7 /* tabBarController.swift */ = {isa = PBXFileReference; lastKnownFileType = sourcecode.swift; path = tabBarController.swift; sourceTree = "<group>"; };
		4B855D0F243847E3001B80C7 /* taskViewController.swift */ = {isa = PBXFileReference; lastKnownFileType = sourcecode.swift; path = taskViewController.swift; sourceTree = "<group>"; };
		4B95704D2457FFB10067C4FB /* analysisViewController.swift */ = {isa = PBXFileReference; lastKnownFileType = sourcecode.swift; path = analysisViewController.swift; sourceTree = "<group>"; };
		4B97DF80241769B7005BD787 /* test-Bridging-Header.h */ = {isa = PBXFileReference; lastKnownFileType = sourcecode.c.h; path = "test-Bridging-Header.h"; sourceTree = "<group>"; };
		4B97DF9124176AB8005BD787 /* DBManager.swift */ = {isa = PBXFileReference; lastKnownFileType = sourcecode.swift; path = DBManager.swift; sourceTree = "<group>"; };
		4B9E6C0224CAD4B9002A1B80 /* MonthYearPickerView.swift */ = {isa = PBXFileReference; lastKnownFileType = sourcecode.swift; path = MonthYearPickerView.swift; sourceTree = "<group>"; };
		4B9EBD532417799400162A77 /* EventModel.swift */ = {isa = PBXFileReference; lastKnownFileType = sourcecode.swift; path = EventModel.swift; sourceTree = "<group>"; };
		4B9EBD552417A7CE00162A77 /* Util.swift */ = {isa = PBXFileReference; lastKnownFileType = sourcecode.swift; path = Util.swift; sourceTree = "<group>"; };
		4B9EBD572417AEC900162A77 /* project.db */ = {isa = PBXFileReference; lastKnownFileType = file; path = project.db; sourceTree = "<group>"; };
		4B9FB4F924E296E300DBFAFA /* editMyPlaceViewController.swift */ = {isa = PBXFileReference; lastKnownFileType = sourcecode.swift; path = editMyPlaceViewController.swift; sourceTree = "<group>"; };
		4B9FB4FB24E2CEF800DBFAFA /* editMyPlaceTableViewCell.swift */ = {isa = PBXFileReference; lastKnownFileType = sourcecode.swift; path = editMyPlaceTableViewCell.swift; sourceTree = "<group>"; };
		4B9FB4FD24E2FB5D00DBFAFA /* myPlaceViewController.swift */ = {isa = PBXFileReference; lastKnownFileType = sourcecode.swift; path = myPlaceViewController.swift; sourceTree = "<group>"; };
		4B9FBA2D24A3BDE30024D7CD /* tete.swift */ = {isa = PBXFileReference; lastKnownFileType = sourcecode.swift; path = tete.swift; sourceTree = "<group>"; };
		4B9FBA2F24ACE18B0024D7CD /* timeline.swift */ = {isa = PBXFileReference; lastKnownFileType = sourcecode.swift; path = timeline.swift; sourceTree = "<group>"; };
		4B9FBA3124B30E690024D7CD /* NetworkController.swift */ = {isa = PBXFileReference; lastKnownFileType = sourcecode.swift; path = NetworkController.swift; sourceTree = "<group>"; };
		4BA5027D246B7F8600F70144 /* doneTaskViewController.swift */ = {isa = PBXFileReference; lastKnownFileType = sourcecode.swift; path = doneTaskViewController.swift; sourceTree = "<group>"; };
		4BA5027F246B88D800F70144 /* doneTaskTableViewCell.swift */ = {isa = PBXFileReference; lastKnownFileType = sourcecode.swift; path = doneTaskTableViewCell.swift; sourceTree = "<group>"; };
		4BAB720724A9E703007D52A7 /* settingsTableViewCell.swift */ = {isa = PBXFileReference; lastKnownFileType = sourcecode.swift; path = settingsTableViewCell.swift; sourceTree = "<group>"; };
		4BCBE2F224E538BA002E9EEE /* myPlaceTableViewCell.swift */ = {isa = PBXFileReference; lastKnownFileType = sourcecode.swift; path = myPlaceTableViewCell.swift; sourceTree = "<group>"; };
		4BF6625424613D8F0021D85E /* tabBar.swift */ = {isa = PBXFileReference; lastKnownFileType = sourcecode.swift; path = tabBar.swift; sourceTree = "<group>"; };
		582341EF242BB0DA00FFC83B /* SceneDelegate.swift */ = {isa = PBXFileReference; fileEncoding = 4; lastKnownFileType = sourcecode.swift; path = SceneDelegate.swift; sourceTree = "<group>"; };
		583F59C1243E197F0018B383 /* PlaceModel.swift */ = {isa = PBXFileReference; lastKnownFileType = sourcecode.swift; path = PlaceModel.swift; sourceTree = "<group>"; };
		586B87D924619A7100E7E273 /* mapViewController.swift */ = {isa = PBXFileReference; lastKnownFileType = sourcecode.swift; path = mapViewController.swift; sourceTree = "<group>"; };
		589385C324BEA47A002937FE /* DailyRoutineViewController.swift */ = {isa = PBXFileReference; lastKnownFileType = sourcecode.swift; path = DailyRoutineViewController.swift; sourceTree = "<group>"; };
		58D91DC824325783002DD7B2 /* LocationModel.swift */ = {isa = PBXFileReference; lastKnownFileType = sourcecode.swift; path = LocationModel.swift; sourceTree = "<group>"; };
		6B6BB1AC225FAD04006F384C /* test.app */ = {isa = PBXFileReference; explicitFileType = wrapper.application; includeInIndex = 0; path = test.app; sourceTree = BUILT_PRODUCTS_DIR; };
		6B6BB1AF225FAD04006F384C /* AppDelegate.swift */ = {isa = PBXFileReference; lastKnownFileType = sourcecode.swift; path = AppDelegate.swift; sourceTree = "<group>"; };
		6B6BB1B1225FAD04006F384C /* ViewController.swift */ = {isa = PBXFileReference; lastKnownFileType = sourcecode.swift; path = ViewController.swift; sourceTree = "<group>"; };
		6B6BB1B4225FAD04006F384C /* Base */ = {isa = PBXFileReference; lastKnownFileType = file.storyboard; name = Base; path = Base.lproj/Main.storyboard; sourceTree = "<group>"; };
		6B6BB1B6225FAD05006F384C /* Assets.xcassets */ = {isa = PBXFileReference; lastKnownFileType = folder.assetcatalog; path = Assets.xcassets; sourceTree = "<group>"; };
		6B6BB1B9225FAD05006F384C /* Base */ = {isa = PBXFileReference; lastKnownFileType = file.storyboard; name = Base; path = Base.lproj/LaunchScreen.storyboard; sourceTree = "<group>"; };
		6B6BB1BB225FAD05006F384C /* Info.plist */ = {isa = PBXFileReference; lastKnownFileType = text.plist.xml; path = Info.plist; sourceTree = "<group>"; };
		6B6BB1C1225FE06B006F384C /* DateCell.swift */ = {isa = PBXFileReference; lastKnownFileType = sourcecode.swift; path = DateCell.swift; sourceTree = "<group>"; };
		829C947D900C99017F760445 /* Pods-test.release.xcconfig */ = {isa = PBXFileReference; includeInIndex = 1; lastKnownFileType = text.xcconfig; name = "Pods-test.release.xcconfig"; path = "Target Support Files/Pods-test/Pods-test.release.xcconfig"; sourceTree = "<group>"; };
		D7EEB6882459874E00D72B63 /* searchLocationViewController.swift */ = {isa = PBXFileReference; fileEncoding = 4; lastKnownFileType = sourcecode.swift; path = searchLocationViewController.swift; sourceTree = "<group>"; };
		EC18B35A3F1F00B163F8C77B /* Pods_test.framework */ = {isa = PBXFileReference; explicitFileType = wrapper.framework; includeInIndex = 0; path = Pods_test.framework; sourceTree = BUILT_PRODUCTS_DIR; };
		FF76548D24AE0B4D00663E58 /* LoginViewController.swift */ = {isa = PBXFileReference; lastKnownFileType = sourcecode.swift; path = LoginViewController.swift; sourceTree = "<group>"; };
		FF76549024AE0E1E00663E58 /* SignupViewController.swift */ = {isa = PBXFileReference; lastKnownFileType = sourcecode.swift; path = SignupViewController.swift; sourceTree = "<group>"; };
/* End PBXFileReference section */

/* Begin PBXFrameworksBuildPhase section */
		6B6BB1A9225FAD04006F384C /* Frameworks */ = {
			isa = PBXFrameworksBuildPhase;
			buildActionMask = 2147483647;
			files = (
				D5EEE79015C028AE1B926ED3 /* Pods_test.framework in Frameworks */,
			);
			runOnlyForDeploymentPostprocessing = 0;
		};
/* End PBXFrameworksBuildPhase section */

/* Begin PBXGroup section */
		4B4F0150243CCBD100A98C65 /* autoRecord */ = {
			isa = PBXGroup;
			children = (
				4B6C441A2472F9CB0009C281 /* trackCell.swift */,
				4B4F0151243CCBD100A98C65 /* (old)autoRecordViewController.swift */,
				4B9FBA2F24ACE18B0024D7CD /* timeline.swift */,
				4B2B337B247620A900B014E2 /* editAutoRecordViewController.swift */,
				586B87D924619A7100E7E273 /* mapViewController.swift */,
				4B4AB6222463197900FC8A6D /* showMyPlaceController.swift */,
			);
			path = autoRecord;
			sourceTree = "<group>";
		};
		4B95704C2457FF850067C4FB /* analysis */ = {
			isa = PBXGroup;
			children = (
				4B95704D2457FFB10067C4FB /* analysisViewController.swift */,
				4B490B8E24B589A500A8249A /* combineChartViewController.swift */,
				4B9E6C0224CAD4B9002A1B80 /* MonthYearPickerView.swift */,
				4B362F8424CADC2400E635C6 /* PickerViewController.swift */,
				4B127D0924D1A5DA00B87B99 /* YearPickerView.swift */,
				4B127D0B24D1AC3A00B87B99 /* PickerViewYearViewController.swift */,
				4B127D0F24D289C300B87B99 /* WeekPickerView.swift */,
				4B127D0D24D2895A00B87B99 /* PickerViewWeekViewController.swift */,
			);
			path = analysis;
			sourceTree = "<group>";
		};
		4B97DF7F24176957005BD787 /* fmdb */ = {
			isa = PBXGroup;
			children = (
				4B351A4124188BE9003A474A /* FMDatabase.h */,
				4B351A3C24188BE9003A474A /* FMDatabase.m */,
				4B351A4324188BE9003A474A /* FMDatabaseAdditions.h */,
				4B351A3E24188BE9003A474A /* FMDatabaseAdditions.m */,
				4B351A3D24188BE9003A474A /* FMDatabasePool.h */,
				4B351A4024188BE9003A474A /* FMDatabasePool.m */,
				4B351A4424188BE9003A474A /* FMDatabaseQueue.h */,
				4B351A3F24188BE9003A474A /* FMDatabaseQueue.m */,
				4B351A4224188BE9003A474A /* FMDB.h */,
				4B351A4524188BE9003A474A /* FMResultSet.h */,
				4B351A4624188BE9003A474A /* FMResultSet.m */,
				4B97DF80241769B7005BD787 /* test-Bridging-Header.h */,
			);
			path = fmdb;
			sourceTree = "<group>";
		};
		4BA138C5243CB24E00C46CD3 /* task */ = {
			isa = PBXGroup;
			children = (
				4B855D0F243847E3001B80C7 /* taskViewController.swift */,
				4B02C4B9243D64A70087DB4C /* addTaskViewController.swift */,
				4B02C4BB243D6B440087DB4C /* addTaskCell.swift */,
				4B02C4BD2442C8390087DB4C /* taskTableViewCell.swift */,
				4BA5027D246B7F8600F70144 /* doneTaskViewController.swift */,
				4BA5027F246B88D800F70144 /* doneTaskTableViewCell.swift */,
			);
			path = task;
			sourceTree = "<group>";
		};
		4BA138C6243CB29800C46CD3 /* addEvent */ = {
			isa = PBXGroup;
			children = (
				4B052674242C9CE50048DB8D /* addCell.swift */,
				4B052676242C9CF40048DB8D /* addViewController.swift */,
				4B37752A242D04C70013E9C8 /* DatePopupViewController.swift */,
				4B5F4B8B24169D990043CA8C /* (old)addEventViewController.swift */,
				4B855CF7242B0840001B80C7 /* (old)categoryTableViewController.swift */,
				4B855CF9242B0C88001B80C7 /* (old)categoryTableViewCell.swift */,
				4B855CF1242AF188001B80C7 /* reminderTableViewController.swift */,
				4B855CF3242AF2E6001B80C7 /* reminderTableViewCell.swift */,
				4B4F0153243F12FD00A98C65 /* categoryViewController.swift */,
				4B4F0155243F1A1000A98C65 /* categoryViewCell.swift */,
				D7EEB6882459874E00D72B63 /* searchLocationViewController.swift */,
			);
			path = addEvent;
			sourceTree = "<group>";
		};
		4BAB720924AB0184007D52A7 /* settings */ = {
			isa = PBXGroup;
			children = (
				4B35331C24A9D9EE00408562 /* settingsViewController.swift */,
				4BAB720724A9E703007D52A7 /* settingsTableViewCell.swift */,
				4B9FB4FD24E2FB5D00DBFAFA /* myPlaceViewController.swift */,
				4BCBE2F224E538BA002E9EEE /* myPlaceTableViewCell.swift */,
				4B52F06D24E3D24F00EC4D90 /* myPlaceCategoryViewController.swift */,
				4B9FB4F924E296E300DBFAFA /* editMyPlaceViewController.swift */,
				4B9FB4FB24E2CEF800DBFAFA /* editMyPlaceTableViewCell.swift */,
			);
			path = settings;
			sourceTree = "<group>";
		};
		582341EA242B5C5C00FFC83B /* model */ = {
			isa = PBXGroup;
			children = (
				4B9EBD532417799400162A77 /* EventModel.swift */,
				4B855CF5242B07FA001B80C7 /* CategoryModel.swift */,
				58D91DC824325783002DD7B2 /* LocationModel.swift */,
				583F59C1243E197F0018B383 /* PlaceModel.swift */,
				4B02C4B7243D61630087DB4C /* TaskModel.swift */,
				4B6C44182472EAB10009C281 /* TrackModel.swift */,
			);
			path = model;
			sourceTree = "<group>";
		};
		582341EC242B5CF400FFC83B /* Calendar */ = {
			isa = PBXGroup;
			children = (
				4B4F0148243CC78D00A98C65 /* eventTableViewCell.swift */,
				6B6BB1C1225FE06B006F384C /* DateCell.swift */,
				4B1C31062415696600875B74 /* DateHeader.swift */,
				6B6BB1B1225FAD04006F384C /* ViewController.swift */,
			);
			path = Calendar;
			sourceTree = "<group>";
		};
		6B6BB1A3225FAD04006F384C = {
			isa = PBXGroup;
			children = (
				6B6BB1AE225FAD04006F384C /* test */,
				6B6BB1AD225FAD04006F384C /* Products */,
				FD3953E9F169796316CE1BF1 /* Pods */,
				DCE5271C797DC78BCA7A7ACD /* Frameworks */,
			);
			sourceTree = "<group>";
		};
		6B6BB1AD225FAD04006F384C /* Products */ = {
			isa = PBXGroup;
			children = (
				6B6BB1AC225FAD04006F384C /* test.app */,
			);
			name = Products;
			sourceTree = "<group>";
		};
		6B6BB1AE225FAD04006F384C /* test */ = {
			isa = PBXGroup;
			children = (
				FF76548F24AE0B7000663E58 /* Login */,
				6B6BB1B6225FAD05006F384C /* Assets.xcassets */,
				6B6BB1AF225FAD04006F384C /* AppDelegate.swift */,
				582341EF242BB0DA00FFC83B /* SceneDelegate.swift */,
				6B6BB1BB225FAD05006F384C /* Info.plist */,
				6B6BB1B8225FAD05006F384C /* LaunchScreen.storyboard */,
				6B6BB1B3225FAD04006F384C /* Main.storyboard */,
				4B9FBA2D24A3BDE30024D7CD /* tete.swift */,
				4B9EBD552417A7CE00162A77 /* Util.swift */,
				4B9EBD572417AEC900162A77 /* project.db */,
				4B97DF9124176AB8005BD787 /* DBManager.swift */,
				4BF6625424613D8F0021D85E /* tabBar.swift */,
				4B855D0B2438477C001B80C7 /* tabBarController.swift */,
				4B9FBA3124B30E690024D7CD /* NetworkController.swift */,
				4B116D7D2477715A00CD25BD /* middleViewController.swift */,
				4B79F7DC24E285070078C853 /* segue.swift */,
				4B79F7DE24E28BB90078C853 /* segueBack.swift */,
				4B97DF7F24176957005BD787 /* fmdb */,
				582341EA242B5C5C00FFC83B /* model */,
				4BA138C5243CB24E00C46CD3 /* task */,
				4BA138C6243CB29800C46CD3 /* addEvent */,
				582341EC242B5CF400FFC83B /* Calendar */,
				4B95704C2457FF850067C4FB /* analysis */,
				4BAB720924AB0184007D52A7 /* settings */,
				4B4F0150243CCBD100A98C65 /* autoRecord */,
				589385C324BEA47A002937FE /* DailyRoutineViewController.swift */,
			);
			path = test;
			sourceTree = "<group>";
		};
		DCE5271C797DC78BCA7A7ACD /* Frameworks */ = {
			isa = PBXGroup;
			children = (
				EC18B35A3F1F00B163F8C77B /* Pods_test.framework */,
			);
			name = Frameworks;
			sourceTree = "<group>";
		};
		FD3953E9F169796316CE1BF1 /* Pods */ = {
			isa = PBXGroup;
			children = (
				39A1E3837C06747579167C49 /* Pods-test.debug.xcconfig */,
				829C947D900C99017F760445 /* Pods-test.release.xcconfig */,
			);
			path = Pods;
			sourceTree = "<group>";
		};
		FF76548F24AE0B7000663E58 /* Login */ = {
			isa = PBXGroup;
			children = (
				FF76548D24AE0B4D00663E58 /* LoginViewController.swift */,
				FF76549024AE0E1E00663E58 /* SignupViewController.swift */,
			);
			path = Login;
			sourceTree = "<group>";
		};
/* End PBXGroup section */

/* Begin PBXNativeTarget section */
		6B6BB1AB225FAD04006F384C /* test */ = {
			isa = PBXNativeTarget;
			buildConfigurationList = 6B6BB1BE225FAD05006F384C /* Build configuration list for PBXNativeTarget "test" */;
			buildPhases = (
				4A4DE13EA1297C8DDAE887CD /* [CP] Check Pods Manifest.lock */,
				6B6BB1A8225FAD04006F384C /* Sources */,
				6B6BB1A9225FAD04006F384C /* Frameworks */,
				6B6BB1AA225FAD04006F384C /* Resources */,
				F4D5BF7B26D909F955A7EB2E /* [CP] Copy Pods Resources */,
				E5A17743E6ADB489883A9452 /* [CP] Embed Pods Frameworks */,
			);
			buildRules = (
			);
			dependencies = (
			);
			name = test;
			productName = test;
			productReference = 6B6BB1AC225FAD04006F384C /* test.app */;
			productType = "com.apple.product-type.application";
		};
/* End PBXNativeTarget section */

/* Begin PBXProject section */
		6B6BB1A4225FAD04006F384C /* Project object */ = {
			isa = PBXProject;
			attributes = {
				LastSwiftUpdateCheck = 1020;
				LastUpgradeCheck = 1020;
				ORGANIZATIONNAME = AppleInc;
				TargetAttributes = {
					6B6BB1AB225FAD04006F384C = {
						CreatedOnToolsVersion = 10.2;
						LastSwiftMigration = 1130;
					};
				};
			};
			buildConfigurationList = 6B6BB1A7225FAD04006F384C /* Build configuration list for PBXProject "test" */;
			compatibilityVersion = "Xcode 9.3";
			developmentRegion = en;
			hasScannedForEncodings = 0;
			knownRegions = (
				en,
				Base,
			);
			mainGroup = 6B6BB1A3225FAD04006F384C;
			productRefGroup = 6B6BB1AD225FAD04006F384C /* Products */;
			projectDirPath = "";
			projectRoot = "";
			targets = (
				6B6BB1AB225FAD04006F384C /* test */,
			);
		};
/* End PBXProject section */

/* Begin PBXResourcesBuildPhase section */
		6B6BB1AA225FAD04006F384C /* Resources */ = {
			isa = PBXResourcesBuildPhase;
			buildActionMask = 2147483647;
			files = (
				6B6BB1BA225FAD05006F384C /* LaunchScreen.storyboard in Resources */,
				4B9EBD582417AEC900162A77 /* project.db in Resources */,
				6B6BB1B7225FAD05006F384C /* Assets.xcassets in Resources */,
				6B6BB1B5225FAD04006F384C /* Main.storyboard in Resources */,
			);
			runOnlyForDeploymentPostprocessing = 0;
		};
/* End PBXResourcesBuildPhase section */

/* Begin PBXShellScriptBuildPhase section */
		4A4DE13EA1297C8DDAE887CD /* [CP] Check Pods Manifest.lock */ = {
			isa = PBXShellScriptBuildPhase;
			buildActionMask = 2147483647;
			files = (
			);
			inputFileListPaths = (
			);
			inputPaths = (
				"${PODS_PODFILE_DIR_PATH}/Podfile.lock",
				"${PODS_ROOT}/Manifest.lock",
			);
			name = "[CP] Check Pods Manifest.lock";
			outputFileListPaths = (
			);
			outputPaths = (
				"$(DERIVED_FILE_DIR)/Pods-test-checkManifestLockResult.txt",
			);
			runOnlyForDeploymentPostprocessing = 0;
			shellPath = /bin/sh;
			shellScript = "diff \"${PODS_PODFILE_DIR_PATH}/Podfile.lock\" \"${PODS_ROOT}/Manifest.lock\" > /dev/null\nif [ $? != 0 ] ; then\n    # print error to STDERR\n    echo \"error: The sandbox is not in sync with the Podfile.lock. Run 'pod install' or update your CocoaPods installation.\" >&2\n    exit 1\nfi\n# This output is used by Xcode 'outputs' to avoid re-running this script phase.\necho \"SUCCESS\" > \"${SCRIPT_OUTPUT_FILE_0}\"\n";
			showEnvVarsInLog = 0;
		};
		E5A17743E6ADB489883A9452 /* [CP] Embed Pods Frameworks */ = {
			isa = PBXShellScriptBuildPhase;
			buildActionMask = 2147483647;
			files = (
			);
			inputFileListPaths = (
				"${PODS_ROOT}/Target Support Files/Pods-test/Pods-test-frameworks-${CONFIGURATION}-input-files.xcfilelist",
			);
			name = "[CP] Embed Pods Frameworks";
			outputFileListPaths = (
				"${PODS_ROOT}/Target Support Files/Pods-test/Pods-test-frameworks-${CONFIGURATION}-output-files.xcfilelist",
			);
			runOnlyForDeploymentPostprocessing = 0;
			shellPath = /bin/sh;
			shellScript = "\"${PODS_ROOT}/Target Support Files/Pods-test/Pods-test-frameworks.sh\"\n";
			showEnvVarsInLog = 0;
		};
		F4D5BF7B26D909F955A7EB2E /* [CP] Copy Pods Resources */ = {
			isa = PBXShellScriptBuildPhase;
			buildActionMask = 2147483647;
			files = (
			);
			inputFileListPaths = (
				"${PODS_ROOT}/Target Support Files/Pods-test/Pods-test-resources-${CONFIGURATION}-input-files.xcfilelist",
			);
			name = "[CP] Copy Pods Resources";
			outputFileListPaths = (
				"${PODS_ROOT}/Target Support Files/Pods-test/Pods-test-resources-${CONFIGURATION}-output-files.xcfilelist",
			);
			runOnlyForDeploymentPostprocessing = 0;
			shellPath = /bin/sh;
			shellScript = "\"${PODS_ROOT}/Target Support Files/Pods-test/Pods-test-resources.sh\"\n";
			showEnvVarsInLog = 0;
		};
/* End PBXShellScriptBuildPhase section */

/* Begin PBXSourcesBuildPhase section */
		6B6BB1A8225FAD04006F384C /* Sources */ = {
			isa = PBXSourcesBuildPhase;
			buildActionMask = 2147483647;
			files = (
				586B87DA24619A7100E7E273 /* mapViewController.swift in Sources */,
				6B6BB1B2225FAD04006F384C /* ViewController.swift in Sources */,
				4B351A4A24188BE9003A474A /* FMDatabasePool.m in Sources */,
				4B9FB4FE24E2FB5D00DBFAFA /* myPlaceViewController.swift in Sources */,
				4B127D0E24D2895A00B87B99 /* PickerViewWeekViewController.swift in Sources */,
				4B5F4B8C24169D990043CA8C /* (old)addEventViewController.swift in Sources */,
				4B855D0C2438477C001B80C7 /* tabBarController.swift in Sources */,
				4B116D7E2477715A00CD25BD /* middleViewController.swift in Sources */,
				4B4F0154243F12FD00A98C65 /* categoryViewController.swift in Sources */,
				4B6C44192472EAB10009C281 /* TrackModel.swift in Sources */,
				4BA50280246B88D800F70144 /* doneTaskTableViewCell.swift in Sources */,
				4B9FBA3024ACE18B0024D7CD /* timeline.swift in Sources */,
				589385C424BEA47A002937FE /* DailyRoutineViewController.swift in Sources */,
				4B97DF9224176AB8005BD787 /* DBManager.swift in Sources */,
				4B9FB4FC24E2CEF800DBFAFA /* editMyPlaceTableViewCell.swift in Sources */,
				4B351A4724188BE9003A474A /* FMDatabase.m in Sources */,
				6B6BB1C2225FE06B006F384C /* DateCell.swift in Sources */,
				583F59C2243E197F0018B383 /* PlaceModel.swift in Sources */,
				4B35331D24A9D9EE00408562 /* settingsViewController.swift in Sources */,
				4BA5027E246B7F8600F70144 /* doneTaskViewController.swift in Sources */,
				D7EEB6892459874E00D72B63 /* searchLocationViewController.swift in Sources */,
				4B351A4B24188BE9003A474A /* FMResultSet.m in Sources */,
				4B02C4BC243D6B440087DB4C /* addTaskCell.swift in Sources */,
				582341F0242BB0DA00FFC83B /* SceneDelegate.swift in Sources */,
				4B855CFA242B0C88001B80C7 /* (old)categoryTableViewCell.swift in Sources */,
				4B4F0149243CC78D00A98C65 /* eventTableViewCell.swift in Sources */,
				4B79F7DD24E285070078C853 /* segue.swift in Sources */,
				4B37752B242D04C70013E9C8 /* DatePopupViewController.swift in Sources */,
				4BAB720824A9E703007D52A7 /* settingsTableViewCell.swift in Sources */,
				4B02C4B8243D61630087DB4C /* TaskModel.swift in Sources */,
				4B362F8524CADC2400E635C6 /* PickerViewController.swift in Sources */,
				4B127D1024D289C300B87B99 /* WeekPickerView.swift in Sources */,
				4B490B8F24B589A500A8249A /* combineChartViewController.swift in Sources */,
				4B127D0A24D1A5DA00B87B99 /* YearPickerView.swift in Sources */,
				4B855CF6242B07FA001B80C7 /* CategoryModel.swift in Sources */,
				4BF6625524613D8F0021D85E /* tabBar.swift in Sources */,
				4B4F0156243F1A1000A98C65 /* categoryViewCell.swift in Sources */,
				4B052677242C9CF40048DB8D /* addViewController.swift in Sources */,
				4B9EBD542417799400162A77 /* EventModel.swift in Sources */,
				4B855CF4242AF2E6001B80C7 /* reminderTableViewCell.swift in Sources */,
				4B02C4BA243D64A70087DB4C /* addTaskViewController.swift in Sources */,
				4B9EBD562417A7CE00162A77 /* Util.swift in Sources */,
				4B855D10243847E3001B80C7 /* taskViewController.swift in Sources */,
				4B02C4BF2442C8390087DB4C /* taskTableViewCell.swift in Sources */,
				4B79F7DF24E28BB90078C853 /* segueBack.swift in Sources */,
				4B95704E2457FFB10067C4FB /* analysisViewController.swift in Sources */,
				4B052675242C9CE50048DB8D /* addCell.swift in Sources */,
				4B4F0152243CCBD100A98C65 /* (old)autoRecordViewController.swift in Sources */,
				FF76548E24AE0B4D00663E58 /* LoginViewController.swift in Sources */,
				4B6C441B2472F9CB0009C281 /* trackCell.swift in Sources */,
				58D91DC924325783002DD7B2 /* LocationModel.swift in Sources */,
				4B9FBA2E24A3BDE30024D7CD /* tete.swift in Sources */,
				4B4AB6232463197A00FC8A6D /* showMyPlaceController.swift in Sources */,
				4B1C31072415696600875B74 /* DateHeader.swift in Sources */,
				4B2B337C247620A900B014E2 /* editAutoRecordViewController.swift in Sources */,
				FF76549124AE0E1E00663E58 /* SignupViewController.swift in Sources */,
				4B52F06E24E3D24F00EC4D90 /* myPlaceCategoryViewController.swift in Sources */,
				4B127D0C24D1AC3A00B87B99 /* PickerViewYearViewController.swift in Sources */,
				4B855CF2242AF188001B80C7 /* reminderTableViewController.swift in Sources */,
				4B855CF8242B0840001B80C7 /* (old)categoryTableViewController.swift in Sources */,
				4BCBE2F324E538BB002E9EEE /* myPlaceTableViewCell.swift in Sources */,
				4B351A4924188BE9003A474A /* FMDatabaseQueue.m in Sources */,
				4B9E6C0324CAD4B9002A1B80 /* MonthYearPickerView.swift in Sources */,
				4B9FBA3224B30E6A0024D7CD /* NetworkController.swift in Sources */,
				6B6BB1B0225FAD04006F384C /* AppDelegate.swift in Sources */,
				4B9FB4FA24E296E300DBFAFA /* editMyPlaceViewController.swift in Sources */,
				4B351A4824188BE9003A474A /* FMDatabaseAdditions.m in Sources */,
			);
			runOnlyForDeploymentPostprocessing = 0;
		};
/* End PBXSourcesBuildPhase section */

/* Begin PBXVariantGroup section */
		6B6BB1B3225FAD04006F384C /* Main.storyboard */ = {
			isa = PBXVariantGroup;
			children = (
				6B6BB1B4225FAD04006F384C /* Base */,
			);
			name = Main.storyboard;
			sourceTree = "<group>";
		};
		6B6BB1B8225FAD05006F384C /* LaunchScreen.storyboard */ = {
			isa = PBXVariantGroup;
			children = (
				6B6BB1B9225FAD05006F384C /* Base */,
			);
			name = LaunchScreen.storyboard;
			sourceTree = "<group>";
		};
/* End PBXVariantGroup section */

/* Begin XCBuildConfiguration section */
		6B6BB1BC225FAD05006F384C /* Debug */ = {
			isa = XCBuildConfiguration;
			buildSettings = {
				ALWAYS_SEARCH_USER_PATHS = NO;
				CLANG_ANALYZER_NONNULL = YES;
				CLANG_ANALYZER_NUMBER_OBJECT_CONVERSION = YES_AGGRESSIVE;
				CLANG_CXX_LANGUAGE_STANDARD = "gnu++14";
				CLANG_CXX_LIBRARY = "libc++";
				CLANG_ENABLE_MODULES = YES;
				CLANG_ENABLE_OBJC_ARC = YES;
				CLANG_ENABLE_OBJC_WEAK = YES;
				CLANG_WARN_BLOCK_CAPTURE_AUTORELEASING = YES;
				CLANG_WARN_BOOL_CONVERSION = YES;
				CLANG_WARN_COMMA = YES;
				CLANG_WARN_CONSTANT_CONVERSION = YES;
				CLANG_WARN_DEPRECATED_OBJC_IMPLEMENTATIONS = YES;
				CLANG_WARN_DIRECT_OBJC_ISA_USAGE = YES_ERROR;
				CLANG_WARN_DOCUMENTATION_COMMENTS = YES;
				CLANG_WARN_EMPTY_BODY = YES;
				CLANG_WARN_ENUM_CONVERSION = YES;
				CLANG_WARN_INFINITE_RECURSION = YES;
				CLANG_WARN_INT_CONVERSION = YES;
				CLANG_WARN_NON_LITERAL_NULL_CONVERSION = YES;
				CLANG_WARN_OBJC_IMPLICIT_RETAIN_SELF = YES;
				CLANG_WARN_OBJC_LITERAL_CONVERSION = YES;
				CLANG_WARN_OBJC_ROOT_CLASS = YES_ERROR;
				CLANG_WARN_RANGE_LOOP_ANALYSIS = YES;
				CLANG_WARN_STRICT_PROTOTYPES = YES;
				CLANG_WARN_SUSPICIOUS_MOVE = YES;
				CLANG_WARN_UNGUARDED_AVAILABILITY = YES_AGGRESSIVE;
				CLANG_WARN_UNREACHABLE_CODE = YES;
				CLANG_WARN__DUPLICATE_METHOD_MATCH = YES;
				CODE_SIGN_IDENTITY = "iPhone Developer";
				COPY_PHASE_STRIP = NO;
				DEBUG_INFORMATION_FORMAT = dwarf;
				ENABLE_STRICT_OBJC_MSGSEND = YES;
				ENABLE_TESTABILITY = YES;
				GCC_C_LANGUAGE_STANDARD = gnu11;
				GCC_DYNAMIC_NO_PIC = NO;
				GCC_NO_COMMON_BLOCKS = YES;
				GCC_OPTIMIZATION_LEVEL = 0;
				GCC_PREPROCESSOR_DEFINITIONS = (
					"DEBUG=1",
					"$(inherited)",
				);
				GCC_WARN_64_TO_32_BIT_CONVERSION = YES;
				GCC_WARN_ABOUT_RETURN_TYPE = YES_ERROR;
				GCC_WARN_UNDECLARED_SELECTOR = YES;
				GCC_WARN_UNINITIALIZED_AUTOS = YES_AGGRESSIVE;
				GCC_WARN_UNUSED_FUNCTION = YES;
				GCC_WARN_UNUSED_VARIABLE = YES;
				IPHONEOS_DEPLOYMENT_TARGET = 12.2;
				MTL_ENABLE_DEBUG_INFO = INCLUDE_SOURCE;
				MTL_FAST_MATH = YES;
				ONLY_ACTIVE_ARCH = YES;
				SDKROOT = iphoneos;
				SWIFT_ACTIVE_COMPILATION_CONDITIONS = DEBUG;
				SWIFT_OPTIMIZATION_LEVEL = "-Onone";
			};
			name = Debug;
		};
		6B6BB1BD225FAD05006F384C /* Release */ = {
			isa = XCBuildConfiguration;
			buildSettings = {
				ALWAYS_SEARCH_USER_PATHS = NO;
				CLANG_ANALYZER_NONNULL = YES;
				CLANG_ANALYZER_NUMBER_OBJECT_CONVERSION = YES_AGGRESSIVE;
				CLANG_CXX_LANGUAGE_STANDARD = "gnu++14";
				CLANG_CXX_LIBRARY = "libc++";
				CLANG_ENABLE_MODULES = YES;
				CLANG_ENABLE_OBJC_ARC = YES;
				CLANG_ENABLE_OBJC_WEAK = YES;
				CLANG_WARN_BLOCK_CAPTURE_AUTORELEASING = YES;
				CLANG_WARN_BOOL_CONVERSION = YES;
				CLANG_WARN_COMMA = YES;
				CLANG_WARN_CONSTANT_CONVERSION = YES;
				CLANG_WARN_DEPRECATED_OBJC_IMPLEMENTATIONS = YES;
				CLANG_WARN_DIRECT_OBJC_ISA_USAGE = YES_ERROR;
				CLANG_WARN_DOCUMENTATION_COMMENTS = YES;
				CLANG_WARN_EMPTY_BODY = YES;
				CLANG_WARN_ENUM_CONVERSION = YES;
				CLANG_WARN_INFINITE_RECURSION = YES;
				CLANG_WARN_INT_CONVERSION = YES;
				CLANG_WARN_NON_LITERAL_NULL_CONVERSION = YES;
				CLANG_WARN_OBJC_IMPLICIT_RETAIN_SELF = YES;
				CLANG_WARN_OBJC_LITERAL_CONVERSION = YES;
				CLANG_WARN_OBJC_ROOT_CLASS = YES_ERROR;
				CLANG_WARN_RANGE_LOOP_ANALYSIS = YES;
				CLANG_WARN_STRICT_PROTOTYPES = YES;
				CLANG_WARN_SUSPICIOUS_MOVE = YES;
				CLANG_WARN_UNGUARDED_AVAILABILITY = YES_AGGRESSIVE;
				CLANG_WARN_UNREACHABLE_CODE = YES;
				CLANG_WARN__DUPLICATE_METHOD_MATCH = YES;
				CODE_SIGN_IDENTITY = "iPhone Developer";
				COPY_PHASE_STRIP = NO;
				DEBUG_INFORMATION_FORMAT = "dwarf-with-dsym";
				ENABLE_NS_ASSERTIONS = NO;
				ENABLE_STRICT_OBJC_MSGSEND = YES;
				GCC_C_LANGUAGE_STANDARD = gnu11;
				GCC_NO_COMMON_BLOCKS = YES;
				GCC_WARN_64_TO_32_BIT_CONVERSION = YES;
				GCC_WARN_ABOUT_RETURN_TYPE = YES_ERROR;
				GCC_WARN_UNDECLARED_SELECTOR = YES;
				GCC_WARN_UNINITIALIZED_AUTOS = YES_AGGRESSIVE;
				GCC_WARN_UNUSED_FUNCTION = YES;
				GCC_WARN_UNUSED_VARIABLE = YES;
				IPHONEOS_DEPLOYMENT_TARGET = 12.2;
				MTL_ENABLE_DEBUG_INFO = NO;
				MTL_FAST_MATH = YES;
				SDKROOT = iphoneos;
				SWIFT_COMPILATION_MODE = wholemodule;
				SWIFT_OPTIMIZATION_LEVEL = "-O";
				VALIDATE_PRODUCT = YES;
			};
			name = Release;
		};
		6B6BB1BF225FAD05006F384C /* Debug */ = {
			isa = XCBuildConfiguration;
			baseConfigurationReference = 39A1E3837C06747579167C49 /* Pods-test.debug.xcconfig */;
			buildSettings = {
				ASSETCATALOG_COMPILER_APPICON_NAME = AppIcon;
				CLANG_ENABLE_MODULES = YES;
				CODE_SIGN_STYLE = Automatic;
				DEVELOPMENT_TEAM = HJ429Z62LX;
				INFOPLIST_FILE = test/Info.plist;
				LD_RUNPATH_SEARCH_PATHS = (
					"$(inherited)",
					"@executable_path/Frameworks",
				);
				PRODUCT_BUNDLE_IDENTIFIER = com.chchbossmo556.test;
				PRODUCT_NAME = "$(TARGET_NAME)";
				SWIFT_OBJC_BRIDGING_HEADER = "test/fmdb/test-Bridging-Header.h";
				SWIFT_OPTIMIZATION_LEVEL = "-Onone";
				SWIFT_VERSION = 5.0;
				TARGETED_DEVICE_FAMILY = "1,2";
			};
			name = Debug;
		};
		6B6BB1C0225FAD05006F384C /* Release */ = {
			isa = XCBuildConfiguration;
			baseConfigurationReference = 829C947D900C99017F760445 /* Pods-test.release.xcconfig */;
			buildSettings = {
				ASSETCATALOG_COMPILER_APPICON_NAME = AppIcon;
				CLANG_ENABLE_MODULES = YES;
				CODE_SIGN_STYLE = Automatic;
				DEVELOPMENT_TEAM = HJ429Z62LX;
				INFOPLIST_FILE = test/Info.plist;
				LD_RUNPATH_SEARCH_PATHS = (
					"$(inherited)",
					"@executable_path/Frameworks",
				);
				PRODUCT_BUNDLE_IDENTIFIER = com.chchbossmo556.test;
				PRODUCT_NAME = "$(TARGET_NAME)";
				SWIFT_OBJC_BRIDGING_HEADER = "test/fmdb/test-Bridging-Header.h";
				SWIFT_VERSION = 5.0;
				TARGETED_DEVICE_FAMILY = "1,2";
			};
			name = Release;
		};
/* End XCBuildConfiguration section */

/* Begin XCConfigurationList section */
		6B6BB1A7225FAD04006F384C /* Build configuration list for PBXProject "test" */ = {
			isa = XCConfigurationList;
			buildConfigurations = (
				6B6BB1BC225FAD05006F384C /* Debug */,
				6B6BB1BD225FAD05006F384C /* Release */,
			);
			defaultConfigurationIsVisible = 0;
			defaultConfigurationName = Release;
		};
		6B6BB1BE225FAD05006F384C /* Build configuration list for PBXNativeTarget "test" */ = {
			isa = XCConfigurationList;
			buildConfigurations = (
				6B6BB1BF225FAD05006F384C /* Debug */,
				6B6BB1C0225FAD05006F384C /* Release */,
			);
			defaultConfigurationIsVisible = 0;
			defaultConfigurationName = Release;
		};
/* End XCConfigurationList section */
	};
	rootObject = 6B6BB1A4225FAD04006F384C /* Project object */;
}
