PODS:
  - Charts (3.5.0):
    - Charts/Core (= 3.5.0)
  - Charts/Core (3.5.0)
  - Floaty (4.2.0)
  - GoogleMaps (3.10.0):
    - GoogleMaps/Maps (= 3.10.0)
  - GoogleMaps/Base (3.10.0)
  - GoogleMaps/Maps (3.10.0):
    - GoogleMaps/Base
  - GooglePlaces (3.10.0):
    - GoogleMaps/Base (= 3.10.0)
  - JTAppleCalendar (7.1.8)
  - SnapKit (5.0.1)

DEPENDENCIES:
  - Charts
  - Floaty (~> 4.2.0)
  - GoogleMaps
  - GooglePlaces
  - JTAppleCalendar (~> 7.1)
  - SnapKit

SPEC REPOS:
  https://github.com/CocoaPods/Specs.git:
    - Charts
    - Floaty
    - GoogleMaps
    - GooglePlaces
    - JTAppleCalendar
    - SnapKit

SPEC CHECKSUMS:
  Charts: 40a08591df1f8ad5c223ddedfb1a06da92f24f7c
  Floaty: e2bd5a0f6f7f70899e26ff2da31081c8bee8d1b0
  GoogleMaps: 8c080862ff2748ece9929471b30feb56a6c5079d
  GooglePlaces: 9a6f5f3a0c88da2aa1bf7426a65d3e004f5e69a1
  JTAppleCalendar: b7fb40852f5f319fe55c8ec3861f1de0edc99cc8
  SnapKit: 97b92857e3df3a0c71833cce143274bf6ef8e5eb

PODFILE CHECKSUM: 0cf9a664fa0174c796b62350487df4fea63bb141

COCOAPODS: 1.9.3
